{
  "name": "blogy",
  "version": "2.0.6",
  "lockfileVersion": 1,
  "requires": true,
  "dependencies": {
    "ansi-colors": {
      "version": "1.1.0",
      "resolved": "http://registry.npmjs.org/ansi-colors/-/ansi-colors-1.1.0.tgz",
      "integrity": "sha512-SFKX67auSNoVR38N3L+nvsPjOE0bybKTYbkf5tRvushrAPQ9V75huw0ZxBkKVeRU9kqH3d6HA4xTckbwZ4ixmA==",
      "dev": true,
      "requires": {
        "ansi-wrap": "^0.1.0"
      }
    },
    "ansi-wrap": {
      "version": "0.1.0",
      "resolved": "https://registry.npmjs.org/ansi-wrap/-/ansi-wrap-0.1.0.tgz",
      "integrity": "sha1-qCJQ3bABXponyoLoLqYDu/pF768=",
      "dev": true
    },
    "arr-diff": {
      "version": "4.0.0",
      "resolved": "https://registry.npmjs.org/arr-diff/-/arr-diff-4.0.0.tgz",
      "integrity": "sha1-1kYQdP6/7HHn4VI1dhoyml3HxSA=",
      "dev": true
    },
    "arr-union": {
      "version": "3.1.0",
      "resolved": "https://registry.npmjs.org/arr-union/-/arr-union-3.1.0.tgz",
      "integrity": "sha1-45sJrqne+Gao8gbiiK9jkZuuOcQ=",
      "dev": true
    },
    "assign-symbols": {
      "version": "1.0.0",
      "resolved": "https://registry.npmjs.org/assign-symbols/-/assign-symbols-1.0.0.tgz",
      "integrity": "sha1-WWZ/QfrdTyDMvCu5a41Pf3jsA2c=",
      "dev": true
    },
    "chai": {
      "version": "4.1.2",
      "resolved": "https://registry.npmjs.org/chai/-/chai-4.1.2.tgz",
      "integrity": "sha1-D2RYS6ZC8PKs4oBiefTwbKI61zw=",
      "dev": true
    },
    "chalk": {
      "version": "2.3.0",
      "resolved": "https://registry.npmjs.org/chalk/-/chalk-2.3.0.tgz",
      "integrity": "sha512-Az5zJR2CBujap2rqXGaJKaPHyJ0IrUimvYNX+ncCy8PJP4ltOGTrHUIo097ZaL2zMeKYpiCdqDvS6zdrTFok3Q=="
    },
    "dargs": {
      "version": "5.1.0",
      "resolved": "https://registry.npmjs.org/dargs/-/dargs-5.1.0.tgz",
      "integrity": "sha1-7H6lDHhWTNNsnV7Bj2Yyn63ieCk=",
      "dev": true
    },
    "escape-string-regexp": {
      "version": "1.0.5",
      "resolved": "https://registry.npmjs.org/escape-string-regexp/-/escape-string-regexp-1.0.5.tgz",
      "integrity": "sha1-G2HAViGQqN/2rjuyzwIAyhMLhtQ=",
      "dev": true
    },
    "eslint": {
      "version": "4.14.0",
      "resolved": "https://registry.npmjs.org/eslint/-/eslint-4.14.0.tgz",
      "integrity": "sha512-Ul6CSGRjKscEyg0X/EeNs7o2XdnbTEOD1OM8cTjmx85RPcBJQrEhZLevhuJZNAE/vS2iVl5Uhgiqf3h5uLMCJQ==",
      "dev": true,
      "dependencies": {
        "ansi-regex": {
          "version": "3.0.0",
          "resolved": "https://registry.npmjs.org/ansi-regex/-/ansi-regex-3.0.0.tgz",
          "integrity": "sha1-7QMXwyIGT3lGbAKWa922Bas32Zg="
        },
        "debug": {
          "version": "3.1.0",
          "resolved": "https://registry.npmjs.org/debug/-/debug-3.1.0.tgz",
          "integrity": "sha512-OX8XqP7/1a9cqkxYw2yXss15f26NKWBpDXQd0/uK/KPqdQhxbPa994hnzjcE2VqQpDslf55723cKPUOGSmMY3g=="
        },
        "strip-ansi": {
          "version": "4.0.0",
          "resolved": "https://registry.npmjs.org/strip-ansi/-/strip-ansi-4.0.0.tgz",
          "integrity": "sha1-qEeQIusaw2iocTibY1JixQXuNo8="
        }
      }
    },
    "eslint-config-airbnb": {
      "version": "13.0.0",
      "resolved": "https://registry.npmjs.org/eslint-config-airbnb/-/eslint-config-airbnb-13.0.0.tgz",
      "integrity": "sha1-aI0V08J2wMdTrlOMkqRDl9dq5G4=",
      "dev": true
    },
    "eslint-plugin-import": {
      "version": "2.8.0",
      "resolved": "https://registry.npmjs.org/eslint-plugin-import/-/eslint-plugin-import-2.8.0.tgz",
      "integrity": "sha512-Rf7dfKJxZ16QuTgVv1OYNxkZcsu/hULFnC+e+w0Gzi6jMC3guQoWQgxYxc54IDRinlb6/0v5z/PxxIKmVctN+g==",
      "dev": true,
      "dependencies": {
        "doctrine": {
          "version": "1.5.0",
          "resolved": "https://registry.npmjs.org/doctrine/-/doctrine-1.5.0.tgz",
          "integrity": "sha1-N53Ocw9hZvds76TmcHoVmwLFpvo="
        }
      }
    },
    "express": {
      "version": "4.16.2",
      "resolved": "https://registry.npmjs.org/express/-/express-4.16.2.tgz",
      "integrity": "sha1-41xt/i1kt9ygpc1PIXgb4ymeB2w="
    },
    "express-handlebars": {
      "version": "3.0.0",
      "resolved": "https://registry.npmjs.org/express-handlebars/-/express-handlebars-3.0.0.tgz",
      "integrity": "sha1-gKBwu4GbCeSvLKbQeA91zgXnXC8=",
      "dependencies": {
        "glob": {
          "version": "6.0.4",
          "resolved": "https://registry.npmjs.org/glob/-/glob-6.0.4.tgz",
          "integrity": "sha1-DwiGD2oVUSey+t1PnOJLGqtuTSI="
        }
      }
    },
    "fs-extra": {
      "version": "5.0.0",
      "resolved": "https://registry.npmjs.org/fs-extra/-/fs-extra-5.0.0.tgz",
      "integrity": "sha512-66Pm4RYbjzdyeuqudYqhFiNBbCIuI9kgRqLPSHIlXHidW8NIQtVdkM1yeZ4lXwuhbTETv3EUGMNHAAw6hiundQ=="
    },
    "get-stream": {
      "version": "3.0.0",
      "resolved": "https://registry.npmjs.org/get-stream/-/get-stream-3.0.0.tgz",
      "integrity": "sha1-jpQ9E1jcN1VQVOy+LtsFqhdO3hQ=",
      "dev": true
    },
    "glob": {
      "version": "7.1.2",
      "resolved": "https://registry.npmjs.org/glob/-/glob-7.1.2.tgz",
      "integrity": "sha512-MJTUg1kjuLeQCJ+ccE4Vpa6kKVXkPYJ2mOCQyUuKLcLQsdrMCpBPUi8qVE6+YuaJkozeA9NusTAw3hLr8Xe5EQ=="
    },
    "gulp": {
      "version": "3.9.1",
      "resolved": "https://registry.npmjs.org/gulp/-/gulp-3.9.1.tgz",
      "integrity": "sha1-VxzkWSjdQK9lFPxAEYZgFsE4RbQ=",
      "dev": true,
      "dependencies": {
        "ansi-styles": {
          "version": "2.2.1",
          "resolved": "https://registry.npmjs.org/ansi-styles/-/ansi-styles-2.2.1.tgz",
          "integrity": "sha1-tDLdM1i2NM914eRmQ2gkBTPB3b4="
        },
        "chalk": {
          "version": "1.1.3",
          "resolved": "https://registry.npmjs.org/chalk/-/chalk-1.1.3.tgz",
          "integrity": "sha1-qBFcVeSnAv5NFQq9OHKCKn4J/Jg="
        },
        "minimist": {
          "version": "1.2.0",
          "resolved": "https://registry.npmjs.org/minimist/-/minimist-1.2.0.tgz",
          "integrity": "sha1-o1AIsg9BOD7sH7kU9M1d95omQoQ="
        },
        "semver": {
          "version": "4.3.6",
          "resolved": "https://registry.npmjs.org/semver/-/semver-4.3.6.tgz",
          "integrity": "sha1-MAvG4OhjdPe6YQaLWx7NV/xlMto="
        },
        "supports-color": {
          "version": "2.0.0",
          "resolved": "https://registry.npmjs.org/supports-color/-/supports-color-2.0.0.tgz",
          "integrity": "sha1-U10EXOa2Nj+kARcIRimZXp3zJMc="
        }
      }
    },
    "gulp-eslint": {
      "version": "4.0.0",
      "resolved": "https://registry.npmjs.org/gulp-eslint/-/gulp-eslint-4.0.0.tgz",
      "integrity": "sha512-+qsePo04v1O3JshpNvww9+bOgZEJ6Cc2/w3mEktfKz0NL0zsh1SWzjyIL2FIM2zzy6IYQYv+j8REZORF8dKX4g==",
      "dev": true
    },
    "gulp-mocha": {
      "version": "6.0.0",
      "resolved": "https://registry.npmjs.org/gulp-mocha/-/gulp-mocha-6.0.0.tgz",
      "integrity": "sha512-FfBldW5ttnDpKf4Sg6/BLOOKCCbr5mbixDGK1t02/8oSrTCwNhgN/mdszG3cuQuYNzuouUdw4EH/mlYtgUscPg==",
      "dev": true,
      "requires": {
        "dargs": "^5.1.0",
        "execa": "^0.10.0",
        "mocha": "^5.2.0",
        "npm-run-path": "^2.0.2",
        "plugin-error": "^1.0.1",
        "supports-color": "^5.4.0",
        "through2": "^2.0.3"
      },
      "dependencies": {
        "browser-stdout": {
          "version": "1.3.1",
          "resolved": "https://registry.npmjs.org/browser-stdout/-/browser-stdout-1.3.1.tgz",
          "integrity": "sha512-qhAVI1+Av2X7qelOfAIYwXONood6XlZE/fXaBSmW/T5SzLAmCgzi+eiWE7fUvbHaeNBQH13UftjpXxsfLkMpgw==",
          "dev": true
        },
        "commander": {
          "version": "2.15.1",
          "resolved": "https://registry.npmjs.org/commander/-/commander-2.15.1.tgz",
          "integrity": "sha512-VlfT9F3V0v+jr4yxPc5gg9s62/fIVWsd2Bk2iD435um1NlGMYdVCq+MjcXnhYq2icNOizHr1kK+5TI6H0Hy0ag==",
          "dev": true
        },
        "cross-spawn": {
          "version": "6.0.5",
          "resolved": "https://registry.npmjs.org/cross-spawn/-/cross-spawn-6.0.5.tgz",
          "integrity": "sha512-eTVLrBSt7fjbDygz805pMnstIs2VTBNkRm0qxZd+M7A5XDdxVRWO5MxGBXZhjY4cqLYLdtrGqRf8mBPmzwSpWQ==",
          "dev": true,
          "requires": {
            "nice-try": "^1.0.4",
            "path-key": "^2.0.1",
            "semver": "^5.5.0",
            "shebang-command": "^1.2.0",
            "which": "^1.2.9"
          }
        },
        "debug": {
          "version": "3.1.0",
          "resolved": "https://registry.npmjs.org/debug/-/debug-3.1.0.tgz",
          "integrity": "sha512-OX8XqP7/1a9cqkxYw2yXss15f26NKWBpDXQd0/uK/KPqdQhxbPa994hnzjcE2VqQpDslf55723cKPUOGSmMY3g==",
          "dev": true,
          "requires": {
            "ms": "2.0.0"
          }
        },
        "diff": {
          "version": "3.5.0",
          "resolved": "https://registry.npmjs.org/diff/-/diff-3.5.0.tgz",
          "integrity": "sha512-A46qtFgd+g7pDZinpnwiRJtxbC1hpgf0uzP3iG89scHk0AUC7A1TGxf5OiiOUv/JMZR8GOt8hL900hV0bOy5xA==",
          "dev": true
        },
        "execa": {
          "version": "0.10.0",
          "resolved": "https://registry.npmjs.org/execa/-/execa-0.10.0.tgz",
          "integrity": "sha512-7XOMnz8Ynx1gGo/3hyV9loYNPWM94jG3+3T3Y8tsfSstFmETmENCMU/A/zj8Lyaj1lkgEepKepvd6240tBRvlw==",
          "dev": true,
          "requires": {
            "cross-spawn": "^6.0.0",
            "get-stream": "^3.0.0",
            "is-stream": "^1.1.0",
            "npm-run-path": "^2.0.0",
            "p-finally": "^1.0.0",
            "signal-exit": "^3.0.0",
            "strip-eof": "^1.0.0"
          }
        },
        "extend-shallow": {
          "version": "3.0.2",
          "resolved": "https://registry.npmjs.org/extend-shallow/-/extend-shallow-3.0.2.tgz",
          "integrity": "sha1-Jqcarwc7OfshJxcnRhMcJwQCjbg=",
          "dev": true,
          "requires": {
            "assign-symbols": "^1.0.0",
            "is-extendable": "^1.0.1"
          }
        },
        "growl": {
          "version": "1.10.5",
          "resolved": "https://registry.npmjs.org/growl/-/growl-1.10.5.tgz",
          "integrity": "sha512-qBr4OuELkhPenW6goKVXiv47US3clb3/IbuWF9KNKEijAy9oeHxU9IgzjvJhHkUzhaj7rOUD7+YGWqUjLp5oSA==",
          "dev": true
        },
        "has-flag": {
          "version": "3.0.0",
          "resolved": "https://registry.npmjs.org/has-flag/-/has-flag-3.0.0.tgz",
          "integrity": "sha1-tdRU3CGZriJWmfNGfloH87lVuv0=",
          "dev": true
        },
        "is-extendable": {
          "version": "1.0.1",
          "resolved": "https://registry.npmjs.org/is-extendable/-/is-extendable-1.0.1.tgz",
          "integrity": "sha512-arnXMxT1hhoKo9k1LZdmlNyJdDDfy2v0fXjFlmok4+i8ul/6WlbVge9bhM74OpNPQPMGUToDtz+KXa1PneJxOA==",
          "dev": true,
          "requires": {
            "is-plain-object": "^2.0.4"
          }
        },
        "mocha": {
          "version": "5.2.0",
          "resolved": "https://registry.npmjs.org/mocha/-/mocha-5.2.0.tgz",
          "integrity": "sha512-2IUgKDhc3J7Uug+FxMXuqIyYzH7gJjXECKe/w43IGgQHTSj3InJi+yAA7T24L9bQMRKiUEHxEX37G5JpVUGLcQ==",
          "dev": true,
          "requires": {
            "browser-stdout": "1.3.1",
            "commander": "2.15.1",
            "debug": "3.1.0",
            "diff": "3.5.0",
            "escape-string-regexp": "1.0.5",
            "glob": "7.1.2",
            "growl": "1.10.5",
            "he": "1.1.1",
            "minimatch": "3.0.4",
            "mkdirp": "0.5.1",
            "supports-color": "5.4.0"
          },
          "dependencies": {
            "supports-color": {
              "version": "5.4.0",
              "resolved": "https://registry.npmjs.org/supports-color/-/supports-color-5.4.0.tgz",
              "integrity": "sha512-zjaXglF5nnWpsq470jSv6P9DwPvgLkuapYmfDm3JWOm0vkNTVF2tI4UrN2r6jH1qM/uc/WtxYY1hYoA2dOKj5w==",
              "dev": true,
              "requires": {
                "has-flag": "^3.0.0"
              }
            }
          }
        },
        "plugin-error": {
          "version": "1.0.1",
          "resolved": "https://registry.npmjs.org/plugin-error/-/plugin-error-1.0.1.tgz",
          "integrity": "sha512-L1zP0dk7vGweZME2i+EeakvUNqSrdiI3F91TwEoYiGrAfUXmVv6fJIq4g82PAXxNsWOp0J7ZqQy/3Szz0ajTxA==",
          "dev": true,
          "requires": {
            "ansi-colors": "^1.0.1",
            "arr-diff": "^4.0.0",
            "arr-union": "^3.1.0",
            "extend-shallow": "^3.0.2"
          }
        },
        "semver": {
          "version": "5.6.0",
          "resolved": "https://registry.npmjs.org/semver/-/semver-5.6.0.tgz",
          "integrity": "sha512-RS9R6R35NYgQn++fkDWaOmqGoj4Ek9gGs+DPxNUZKuwE183xjJroKvyo1IzVFeXvUrvmALy6FWD5xrdJT25gMg==",
          "dev": true
        },
        "supports-color": {
          "version": "5.5.0",
          "resolved": "https://registry.npmjs.org/supports-color/-/supports-color-5.5.0.tgz",
          "integrity": "sha512-QjVjwdXIt408MIiAqCX4oUKsgU2EqAGzs2Ppkm4aQYbjm+ZEWEcW4SfFNTr4uMNZma0ey4f5lgLrkB0aX0QMow==",
          "dev": true,
          "requires": {
            "has-flag": "^3.0.0"
          }
        }
      }
    },
    "he": {
      "version": "1.1.1",
      "resolved": "https://registry.npmjs.org/he/-/he-1.1.1.tgz",
      "integrity": "sha1-k0EP0hsAlzUVH4howvJx80J+I/0=",
      "dev": true
    },
    "init-package-json": {
      "version": "1.10.1",
      "resolved": "https://registry.npmjs.org/init-package-json/-/init-package-json-1.10.1.tgz",
      "integrity": "sha1-zYc6FneWvvuZYSsodioLY5P9j2o="
    },
    "is-plain-object": {
      "version": "2.0.4",
      "resolved": "https://registry.npmjs.org/is-plain-object/-/is-plain-object-2.0.4.tgz",
      "integrity": "sha512-h5PpgXkWitc38BBMYawTYMWJHFZJVnBquFE57xFpjB8pJFiF6gZ+bU+WyI/yqXiFR5mdLsgYNaPe8uao6Uv9Og==",
      "dev": true
    },
    "is-stream": {
      "version": "1.1.0",
      "resolved": "https://registry.npmjs.org/is-stream/-/is-stream-1.1.0.tgz",
      "integrity": "sha1-EtSj3U5o4Lec6428hBc66A2RykQ=",
      "dev": true
    },
    "marked": {
      "version": "0.3.9",
      "resolved": "https://registry.npmjs.org/marked/-/marked-0.3.9.tgz",
      "integrity": "sha512-nW5u0dxpXxHfkHzzrveY45gCbi+R4PaO4WRZYqZNl+vB0hVGeqlFn0aOg1c8AKL63TrNFn9Bm2UP4AdiZ9TPLw=="
    },
    "minimatch": {
      "version": "3.0.4",
      "resolved": "https://registry.npmjs.org/minimatch/-/minimatch-3.0.4.tgz",
      "integrity": "sha512-yJHVQEhyqPLUTgt9B83PXu6W3rx4MvvHvSUvToogpwoGDOUQ+yDrR0HRot+yOCdCO7u4hX3pWft6kWBBcqh0UA==",
      "dev": true
    },
    "mkdirp": {
      "version": "0.5.1",
      "resolved": "https://registry.npmjs.org/mkdirp/-/mkdirp-0.5.1.tgz",
      "integrity": "sha1-MAV0OOrGz3+MR2fzhkjWaX11yQM=",
      "dev": true,
      "dependencies": {
        "minimist": {
          "version": "0.0.8",
          "resolved": "https://registry.npmjs.org/minimist/-/minimist-0.0.8.tgz",
          "integrity": "sha1-hX/Kv8M5fSYluCKCYuhqp6ARsF0="
        }
      }
    },
    "moment": {
      "version": "2.20.1",
      "resolved": "https://registry.npmjs.org/moment/-/moment-2.20.1.tgz",
      "integrity": "sha512-Yh9y73JRljxW5QxN08Fner68eFLxM5ynNOAw2LbIB1YAGeQzZT8QFSUvkAz609Zf+IHhhaUxqZK8dG3W/+HEvg=="
    },
    "ms": {
      "version": "2.0.0",
      "resolved": "https://registry.npmjs.org/ms/-/ms-2.0.0.tgz",
      "integrity": "sha1-VgiurfwAvmwpAd9fmGF4jeDVl8g=",
      "dev": true
    },
    "nice-try": {
      "version": "1.0.5",
      "resolved": "https://registry.npmjs.org/nice-try/-/nice-try-1.0.5.tgz",
      "integrity": "sha512-1nh45deeb5olNY7eX82BkPO7SSxR5SSYJiPTrTdFUVYwAl8CKMA5N9PjTYkHiRjisVcxcQ1HXdLhx2qxxJzLNQ==",
      "dev": true
    },
    "npm-run-path": {
      "version": "2.0.2",
      "resolved": "https://registry.npmjs.org/npm-run-path/-/npm-run-path-2.0.2.tgz",
      "integrity": "sha1-NakjLfo11wZ7TLLd8jV7GHFTbF8=",
      "dev": true
    },
    "npmi": {
      "version": "4.0.0",
      "resolved": "https://registry.npmjs.org/npmi/-/npmi-4.0.0.tgz",
      "integrity": "sha512-qNyW7pgCNbdhDFl3WmEEIZwp87RKwD9Y9SiJ/eZPGCUM7iwgvXXNVby+3JEYAfV6KxONnitDNFXuZlr2fSpV/g=="
    },
    "p-finally": {
      "version": "1.0.0",
      "resolved": "https://registry.npmjs.org/p-finally/-/p-finally-1.0.0.tgz",
      "integrity": "sha1-P7z7FbiZpEEjs0ttzBi3JDNqLK4=",
      "dev": true
    },
    "path-key": {
      "version": "2.0.1",
      "resolved": "https://registry.npmjs.org/path-key/-/path-key-2.0.1.tgz",
      "integrity": "sha1-QRyttXTFoUDTpLGRDUDYDMn0C0A=",
      "dev": true
    },
    "remove-markdown": {
      "version": "0.2.2",
      "resolved": "https://registry.npmjs.org/remove-markdown/-/remove-markdown-0.2.2.tgz",
      "integrity": "sha1-ZrDO66n7d8qWNrsbAwfOIaMqEqY="
    },
    "shebang-command": {
      "version": "1.2.0",
      "resolved": "https://registry.npmjs.org/shebang-command/-/shebang-command-1.2.0.tgz",
      "integrity": "sha1-RKrGW2lbAzmJaMOfNj/uXer98eo=",
      "dev": true
    },
    "signal-exit": {
      "version": "3.0.2",
      "resolved": "https://registry.npmjs.org/signal-exit/-/signal-exit-3.0.2.tgz",
      "integrity": "sha1-tf3AjxKH6hF4Yo5BXiUTK3NkbG0=",
      "dev": true
    },
    "strip-eof": {
      "version": "1.0.0",
      "resolved": "https://registry.npmjs.org/strip-eof/-/strip-eof-1.0.0.tgz",
      "integrity": "sha1-u0P/VZim6wXYm1n80SnJgzE2Br8=",
      "dev": true
    },
    "through2": {
      "version": "2.0.3",
      "resolved": "https://registry.npmjs.org/through2/-/through2-2.0.3.tgz",
      "integrity": "sha1-AARWmzfHx0ujnEPzzteNGtlBQL4=",
      "dev": true
    },
    "which": {
      "version": "1.3.0",
      "resolved": "https://registry.npmjs.org/which/-/which-1.3.0.tgz",
      "integrity": "sha512-xcJpopdamTuY5duC/KnTTNBraPK54YwpenP4lzxU8H91GudWpFv38u0CKjclE1Wi2EH2EDz5LRcHcKbCIzqGyg==",
      "dev": true
    },
    "yargs": {
      "version": "10.0.3",
      "resolved": "https://registry.npmjs.org/yargs/-/yargs-10.0.3.tgz",
      "integrity": "sha512-DqBpQ8NAUX4GyPP/ijDGHsJya4tYqLQrjPr95HNsr1YwL3+daCfvBwg7+gIC6IdJhR2kATh3hb61vjzMWEtjdw==",
      "dependencies": {
        "cliui": {
          "version": "3.2.0",
          "resolved": "https://registry.npmjs.org/cliui/-/cliui-3.2.0.tgz",
          "integrity": "sha1-EgYBU3qRbSmUD5NNo7SNWFo5IT0=",
          "dependencies": {
            "string-width": {
              "version": "1.0.2",
              "resolved": "https://registry.npmjs.org/string-width/-/string-width-1.0.2.tgz",
              "integrity": "sha1-EYvfW4zcUaKn5w0hHgfisLmxB9M="
            }
          }
        }
      }
    }
  }
}
